// !$*UTF8*$!
{
	archiveVersion = 1;
	classes = {
	};
	objectVersion = 46;
	objects = {

/* Begin PBXBuildFile section */
		8E0F42EE1E715C04002D1D7B /* AppDelegate.swift in Sources */ = {isa = PBXBuildFile; fileRef = 8E0F42ED1E715C04002D1D7B /* AppDelegate.swift */; };
		8E0F42F01E715C04002D1D7B /* ViewController.swift in Sources */ = {isa = PBXBuildFile; fileRef = 8E0F42EF1E715C04002D1D7B /* ViewController.swift */; };
		8E0F42F31E715C04002D1D7B /* Main.storyboard in Resources */ = {isa = PBXBuildFile; fileRef = 8E0F42F11E715C04002D1D7B /* Main.storyboard */; };
		8E0F42F51E715C04002D1D7B /* Assets.xcassets in Resources */ = {isa = PBXBuildFile; fileRef = 8E0F42F41E715C04002D1D7B /* Assets.xcassets */; };
		8E0F42F81E715C04002D1D7B /* LaunchScreen.storyboard in Resources */ = {isa = PBXBuildFile; fileRef = 8E0F42F61E715C04002D1D7B /* LaunchScreen.storyboard */; };
		8E0F43031E715C04002D1D7B /* my_quotesTests.swift in Sources */ = {isa = PBXBuildFile; fileRef = 8E0F43021E715C04002D1D7B /* my_quotesTests.swift */; };
		8E0F430E1E715C04002D1D7B /* my_quotesUITests.swift in Sources */ = {isa = PBXBuildFile; fileRef = 8E0F430D1E715C04002D1D7B /* my_quotesUITests.swift */; };
/* End PBXBuildFile section */

/* Begin PBXContainerItemProxy section */
		8E0F42FF1E715C04002D1D7B /* PBXContainerItemProxy */ = {
			isa = PBXContainerItemProxy;
			containerPortal = 8E0F42E21E715C04002D1D7B /* Project object */;
			proxyType = 1;
			remoteGlobalIDString = 8E0F42E91E715C04002D1D7B;
			remoteInfo = "my-quotes";
		};
		8E0F430A1E715C04002D1D7B /* PBXContainerItemProxy */ = {
			isa = PBXContainerItemProxy;
			containerPortal = 8E0F42E21E715C04002D1D7B /* Project object */;
			proxyType = 1;
			remoteGlobalIDString = 8E0F42E91E715C04002D1D7B;
			remoteInfo = "my-quotes";
		};
/* End PBXContainerItemProxy section */

/* Begin PBXFileReference section */
		8E0F42EA1E715C04002D1D7B /* my-quotes.app */ = {isa = PBXFileReference; explicitFileType = wrapper.application; includeInIndex = 0; path = "my-quotes.app"; sourceTree = BUILT_PRODUCTS_DIR; };
		8E0F42ED1E715C04002D1D7B /* AppDelegate.swift */ = {isa = PBXFileReference; lastKnownFileType = sourcecode.swift; path = AppDelegate.swift; sourceTree = "<group>"; };
		8E0F42EF1E715C04002D1D7B /* ViewController.swift */ = {isa = PBXFileReference; lastKnownFileType = sourcecode.swift; path = ViewController.swift; sourceTree = "<group>"; };
		8E0F42F21E715C04002D1D7B /* Base */ = {isa = PBXFileReference; lastKnownFileType = file.storyboard; name = Base; path = Base.lproj/Main.storyboard; sourceTree = "<group>"; };
		8E0F42F41E715C04002D1D7B /* Assets.xcassets */ = {isa = PBXFileReference; lastKnownFileType = folder.assetcatalog; path = Assets.xcassets; sourceTree = "<group>"; };
		8E0F42F71E715C04002D1D7B /* Base */ = {isa = PBXFileReference; lastKnownFileType = file.storyboard; name = Base; path = Base.lproj/LaunchScreen.storyboard; sourceTree = "<group>"; };
		8E0F42F91E715C04002D1D7B /* Info.plist */ = {isa = PBXFileReference; lastKnownFileType = text.plist.xml; path = Info.plist; sourceTree = "<group>"; };
		8E0F42FE1E715C04002D1D7B /* my-quotesTests.xctest */ = {isa = PBXFileReference; explicitFileType = wrapper.cfbundle; includeInIndex = 0; path = "my-quotesTests.xctest"; sourceTree = BUILT_PRODUCTS_DIR; };
		8E0F43021E715C04002D1D7B /* my_quotesTests.swift */ = {isa = PBXFileReference; lastKnownFileType = sourcecode.swift; path = my_quotesTests.swift; sourceTree = "<group>"; };
		8E0F43041E715C04002D1D7B /* Info.plist */ = {isa = PBXFileReference; lastKnownFileType = text.plist.xml; path = Info.plist; sourceTree = "<group>"; };
		8E0F43091E715C04002D1D7B /* my-quotesUITests.xctest */ = {isa = PBXFileReference; explicitFileType = wrapper.cfbundle; includeInIndex = 0; path = "my-quotesUITests.xctest"; sourceTree = BUILT_PRODUCTS_DIR; };
		8E0F430D1E715C04002D1D7B /* my_quotesUITests.swift */ = {isa = PBXFileReference; lastKnownFileType = sourcecode.swift; path = my_quotesUITests.swift; sourceTree = "<group>"; };
		8E0F430F1E715C04002D1D7B /* Info.plist */ = {isa = PBXFileReference; lastKnownFileType = text.plist.xml; path = Info.plist; sourceTree = "<group>"; };
/* End PBXFileReference section */

/* Begin PBXFrameworksBuildPhase section */
		8E0F42E71E715C04002D1D7B /* Frameworks */ = {
			isa = PBXFrameworksBuildPhase;
			buildActionMask = 2147483647;
			files = (
			);
			runOnlyForDeploymentPostprocessing = 0;
		};
		8E0F42FB1E715C04002D1D7B /* Frameworks */ = {
			isa = PBXFrameworksBuildPhase;
			buildActionMask = 2147483647;
			files = (
			);
			runOnlyForDeploymentPostprocessing = 0;
		};
		8E0F43061E715C04002D1D7B /* Frameworks */ = {
			isa = PBXFrameworksBuildPhase;
			buildActionMask = 2147483647;
			files = (
			);
			runOnlyForDeploymentPostprocessing = 0;
		};
/* End PBXFrameworksBuildPhase section */

/* Begin PBXGroup section */
		8E0F42E11E715C04002D1D7B = {
			isa = PBXGroup;
			children = (
				8E0F42EC1E715C04002D1D7B /* my-quotes */,
				8E0F43011E715C04002D1D7B /* my-quotesTests */,
				8E0F430C1E715C04002D1D7B /* my-quotesUITests */,
				8E0F42EB1E715C04002D1D7B /* Products */,
			);
			sourceTree = "<group>";
		};
		8E0F42EB1E715C04002D1D7B /* Products */ = {
			isa = PBXGroup;
			children = (
				8E0F42EA1E715C04002D1D7B /* my-quotes.app */,
				8E0F42FE1E715C04002D1D7B /* my-quotesTests.xctest */,
				8E0F43091E715C04002D1D7B /* my-quotesUITests.xctest */,
			);
			name = Products;
			sourceTree = "<group>";
		};
		8E0F42EC1E715C04002D1D7B /* my-quotes */ = {
			isa = PBXGroup;
			children = (
				8E0F42ED1E715C04002D1D7B /* AppDelegate.swift */,
				8E0F42EF1E715C04002D1D7B /* ViewController.swift */,
				8E0F42F11E715C04002D1D7B /* Main.storyboard */,
				8E0F42F41E715C04002D1D7B /* Assets.xcassets */,
				8E0F42F61E715C04002D1D7B /* LaunchScreen.storyboard */,
				8E0F42F91E715C04002D1D7B /* Info.plist */,
			);
			path = "my-quotes";
			sourceTree = "<group>";
		};
		8E0F43011E715C04002D1D7B /* my-quotesTests */ = {
			isa = PBXGroup;
			children = (
				8E0F43021E715C04002D1D7B /* my_quotesTests.swift */,
				8E0F43041E715C04002D1D7B /* Info.plist */,
			);
			path = "my-quotesTests";
			sourceTree = "<group>";
		};
		8E0F430C1E715C04002D1D7B /* my-quotesUITests */ = {
			isa = PBXGroup;
			children = (
				8E0F430D1E715C04002D1D7B /* my_quotesUITests.swift */,
				8E0F430F1E715C04002D1D7B /* Info.plist */,
			);
			path = "my-quotesUITests";
			sourceTree = "<group>";
		};
/* End PBXGroup section */

/* Begin PBXNativeTarget section */
		8E0F42E91E715C04002D1D7B /* my-quotes */ = {
			isa = PBXNativeTarget;
			buildConfigurationList = 8E0F43121E715C04002D1D7B /* Build configuration list for PBXNativeTarget "my-quotes" */;
			buildPhases = (
				8E0F42E61E715C04002D1D7B /* Sources */,
				8E0F42E71E715C04002D1D7B /* Frameworks */,
				8E0F42E81E715C04002D1D7B /* Resources */,
			);
			buildRules = (
			);
			dependencies = (
			);
			name = "my-quotes";
			productName = "my-quotes";
			productReference = 8E0F42EA1E715C04002D1D7B /* my-quotes.app */;
			productType = "com.apple.product-type.application";
		};
		8E0F42FD1E715C04002D1D7B /* my-quotesTests */ = {
			isa = PBXNativeTarget;
			buildConfigurationList = 8E0F43151E715C04002D1D7B /* Build configuration list for PBXNativeTarget "my-quotesTests" */;
			buildPhases = (
				8E0F42FA1E715C04002D1D7B /* Sources */,
				8E0F42FB1E715C04002D1D7B /* Frameworks */,
				8E0F42FC1E715C04002D1D7B /* Resources */,
			);
			buildRules = (
			);
			dependencies = (
				8E0F43001E715C04002D1D7B /* PBXTargetDependency */,
			);
			name = "my-quotesTests";
			productName = "my-quotesTests";
			productReference = 8E0F42FE1E715C04002D1D7B /* my-quotesTests.xctest */;
			productType = "com.apple.product-type.bundle.unit-test";
		};
		8E0F43081E715C04002D1D7B /* my-quotesUITests */ = {
			isa = PBXNativeTarget;
			buildConfigurationList = 8E0F43181E715C04002D1D7B /* Build configuration list for PBXNativeTarget "my-quotesUITests" */;
			buildPhases = (
				8E0F43051E715C04002D1D7B /* Sources */,
				8E0F43061E715C04002D1D7B /* Frameworks */,
				8E0F43071E715C04002D1D7B /* Resources */,
			);
			buildRules = (
			);
			dependencies = (
				8E0F430B1E715C04002D1D7B /* PBXTargetDependency */,
			);
			name = "my-quotesUITests";
			productName = "my-quotesUITests";
			productReference = 8E0F43091E715C04002D1D7B /* my-quotesUITests.xctest */;
			productType = "com.apple.product-type.bundle.ui-testing";
		};
/* End PBXNativeTarget section */

/* Begin PBXProject section */
		8E0F42E21E715C04002D1D7B /* Project object */ = {
			isa = PBXProject;
			attributes = {
				LastSwiftUpdateCheck = 0820;
				LastUpgradeCheck = 0820;
				ORGANIZATIONNAME = "Daniel Avram";
				TargetAttributes = {
					8E0F42E91E715C04002D1D7B = {
						CreatedOnToolsVersion = 8.2.1;
						DevelopmentTeam = YFZ7H6KAUF;
						ProvisioningStyle = Automatic;
					};
					8E0F42FD1E715C04002D1D7B = {
						CreatedOnToolsVersion = 8.2.1;
						DevelopmentTeam = YFZ7H6KAUF;
						ProvisioningStyle = Automatic;
						TestTargetID = 8E0F42E91E715C04002D1D7B;
					};
					8E0F43081E715C04002D1D7B = {
						CreatedOnToolsVersion = 8.2.1;
						DevelopmentTeam = YFZ7H6KAUF;
						ProvisioningStyle = Automatic;
						TestTargetID = 8E0F42E91E715C04002D1D7B;
					};
				};
			};
			buildConfigurationList = 8E0F42E51E715C04002D1D7B /* Build configuration list for PBXProject "my-quotes" */;
			compatibilityVersion = "Xcode 3.2";
			developmentRegion = English;
			hasScannedForEncodings = 0;
			knownRegions = (
				en,
				Base,
			);
			mainGroup = 8E0F42E11E715C04002D1D7B;
			productRefGroup = 8E0F42EB1E715C04002D1D7B /* Products */;
			projectDirPath = "";
			projectRoot = "";
			targets = (
				8E0F42E91E715C04002D1D7B /* my-quotes */,
				8E0F42FD1E715C04002D1D7B /* my-quotesTests */,
				8E0F43081E715C04002D1D7B /* my-quotesUITests */,
			);
		};
/* End PBXProject section */

/* Begin PBXResourcesBuildPhase section */
		8E0F42E81E715C04002D1D7B /* Resources */ = {
			isa = PBXResourcesBuildPhase;
			buildActionMask = 2147483647;
			files = (
				8E0F42F81E715C04002D1D7B /* LaunchScreen.storyboard in Resources */,
				8E0F42F51E715C04002D1D7B /* Assets.xcassets in Resources */,
				8E0F42F31E715C04002D1D7B /* Main.storyboard in Resources */,
			);
			runOnlyForDeploymentPostprocessing = 0;
		};
		8E0F42FC1E715C04002D1D7B /* Resources */ = {
			isa = PBXResourcesBuildPhase;
			buildActionMask = 2147483647;
			files = (
			);
			runOnlyForDeploymentPostprocessing = 0;
		};
		8E0F43071E715C04002D1D7B /* Resources */ = {
			isa = PBXResourcesBuildPhase;
			buildActionMask = 2147483647;
			files = (
			);
			runOnlyForDeploymentPostprocessing = 0;
		};
/* End PBXResourcesBuildPhase section */

/* Begin PBXSourcesBuildPhase section */
		8E0F42E61E715C04002D1D7B /* Sources */ = {
			isa = PBXSourcesBuildPhase;
			buildActionMask = 2147483647;
			files = (
				8E0F42F01E715C04002D1D7B /* ViewController.swift in Sources */,
				8E0F42EE1E715C04002D1D7B /* AppDelegate.swift in Sources */,
			);
			runOnlyForDeploymentPostprocessing = 0;
		};
		8E0F42FA1E715C04002D1D7B /* Sources */ = {
			isa = PBXSourcesBuildPhase;
			buildActionMask = 2147483647;
			files = (
				8E0F43031E715C04002D1D7B /* my_quotesTests.swift in Sources */,
			);
			runOnlyForDeploymentPostprocessing = 0;
		};
		8E0F43051E715C04002D1D7B /* Sources */ = {
			isa = PBXSourcesBuildPhase;
			buildActionMask = 2147483647;
			files = (
				8E0F430E1E715C04002D1D7B /* my_quotesUITests.swift in Sources */,
			);
			runOnlyForDeploymentPostprocessing = 0;
		};
/* End PBXSourcesBuildPhase section */

/* Begin PBXTargetDependency section */
		8E0F43001E715C04002D1D7B /* PBXTargetDependency */ = {
			isa = PBXTargetDependency;
			target = 8E0F42E91E715C04002D1D7B /* my-quotes */;
			targetProxy = 8E0F42FF1E715C04002D1D7B /* PBXContainerItemProxy */;
		};
		8E0F430B1E715C04002D1D7B /* PBXTargetDependency */ = {
			isa = PBXTargetDependency;
			target = 8E0F42E91E715C04002D1D7B /* my-quotes */;
			targetProxy = 8E0F430A1E715C04002D1D7B /* PBXContainerItemProxy */;
		};
/* End PBXTargetDependency section */

/* Begin PBXVariantGroup section */
		8E0F42F11E715C04002D1D7B /* Main.storyboard */ = {
			isa = PBXVariantGroup;
			children = (
				8E0F42F21E715C04002D1D7B /* Base */,
			);
			name = Main.storyboard;
			sourceTree = "<group>";
		};
		8E0F42F61E715C04002D1D7B /* LaunchScreen.storyboard */ = {
			isa = PBXVariantGroup;
			children = (
				8E0F42F71E715C04002D1D7B /* Base */,
			);
			name = LaunchScreen.storyboard;
			sourceTree = "<group>";
		};
/* End PBXVariantGroup section */

/* Begin XCBuildConfiguration section */
		8E0F43101E715C04002D1D7B /* Debug */ = {
			isa = XCBuildConfiguration;
			buildSettings = {
				ALWAYS_SEARCH_USER_PATHS = NO;
				CLANG_ANALYZER_NONNULL = YES;
				CLANG_CXX_LANGUAGE_STANDARD = "gnu++0x";
				CLANG_CXX_LIBRARY = "libc++";
				CLANG_ENABLE_MODULES = YES;
				CLANG_ENABLE_OBJC_ARC = YES;
				CLANG_WARN_BOOL_CONVERSION = YES;
				CLANG_WARN_CONSTANT_CONVERSION = YES;
				CLANG_WARN_DIRECT_OBJC_ISA_USAGE = YES_ERROR;
				CLANG_WARN_DOCUMENTATION_COMMENTS = YES;
				CLANG_WARN_EMPTY_BODY = YES;
				CLANG_WARN_ENUM_CONVERSION = YES;
				CLANG_WARN_INFINITE_RECURSION = YES;
				CLANG_WARN_INT_CONVERSION = YES;
				CLANG_WARN_OBJC_ROOT_CLASS = YES_ERROR;
				CLANG_WARN_SUSPICIOUS_MOVE = YES;
				CLANG_WARN_UNREACHABLE_CODE = YES;
				CLANG_WARN__DUPLICATE_METHOD_MATCH = YES;
				"CODE_SIGN_IDENTITY[sdk=iphoneos*]" = "iPhone Developer";
				COPY_PHASE_STRIP = NO;
				DEBUG_INFORMATION_FORMAT = dwarf;
				ENABLE_STRICT_OBJC_MSGSEND = YES;
				ENABLE_TESTABILITY = YES;
				GCC_C_LANGUAGE_STANDARD = gnu99;
				GCC_DYNAMIC_NO_PIC = NO;
				GCC_NO_COMMON_BLOCKS = YES;
				GCC_OPTIMIZATION_LEVEL = 0;
				GCC_PREPROCESSOR_DEFINITIONS = (
					"DEBUG=1",
					"$(inherited)",
				);
				GCC_WARN_64_TO_32_BIT_CONVERSION = YES;
				GCC_WARN_ABOUT_RETURN_TYPE = YES_ERROR;
				GCC_WARN_UNDECLARED_SELECTOR = YES;
				GCC_WARN_UNINITIALIZED_AUTOS = YES_AGGRESSIVE;
				GCC_WARN_UNUSED_FUNCTION = YES;
				GCC_WARN_UNUSED_VARIABLE = YES;
				IPHONEOS_DEPLOYMENT_TARGET = 10.2;
				MTL_ENABLE_DEBUG_INFO = YES;
				ONLY_ACTIVE_ARCH = YES;
				SDKROOT = iphoneos;
				SWIFT_ACTIVE_COMPILATION_CONDITIONS = DEBUG;
				SWIFT_OPTIMIZATION_LEVEL = "-Onone";
				TARGETED_DEVICE_FAMILY = "1,2";
			};
			name = Debug;
		};
		8E0F43111E715C04002D1D7B /* Release */ = {
			isa = XCBuildConfiguration;
			buildSettings = {
				ALWAYS_SEARCH_USER_PATHS = NO;
				CLANG_ANALYZER_NONNULL = YES;
				CLANG_CXX_LANGUAGE_STANDARD = "gnu++0x";
				CLANG_CXX_LIBRARY = "libc++";
				CLANG_ENABLE_MODULES = YES;
				CLANG_ENABLE_OBJC_ARC = YES;
				CLANG_WARN_BOOL_CONVERSION = YES;
				CLANG_WARN_CONSTANT_CONVERSION = YES;
				CLANG_WARN_DIRECT_OBJC_ISA_USAGE = YES_ERROR;
				CLANG_WARN_DOCUMENTATION_COMMENTS = YES;
				CLANG_WARN_EMPTY_BODY = YES;
				CLANG_WARN_ENUM_CONVERSION = YES;
				CLANG_WARN_INFINITE_RECURSION = YES;
				CLANG_WARN_INT_CONVERSION = YES;
				CLANG_WARN_OBJC_ROOT_CLASS = YES_ERROR;
				CLANG_WARN_SUSPICIOUS_MOVE = YES;
				CLANG_WARN_UNREACHABLE_CODE = YES;
				CLANG_WARN__DUPLICATE_METHOD_MATCH = YES;
				"CODE_SIGN_IDENTITY[sdk=iphoneos*]" = "iPhone Developer";
				COPY_PHASE_STRIP = NO;
				DEBUG_INFORMATION_FORMAT = "dwarf-with-dsym";
				ENABLE_NS_ASSERTIONS = NO;
				ENABLE_STRICT_OBJC_MSGSEND = YES;
				GCC_C_LANGUAGE_STANDARD = gnu99;
				GCC_NO_COMMON_BLOCKS = YES;
				GCC_WARN_64_TO_32_BIT_CONVERSION = YES;
				GCC_WARN_ABOUT_RETURN_TYPE = YES_ERROR;
				GCC_WARN_UNDECLARED_SELECTOR = YES;
				GCC_WARN_UNINITIALIZED_AUTOS = YES_AGGRESSIVE;
				GCC_WARN_UNUSED_FUNCTION = YES;
				GCC_WARN_UNUSED_VARIABLE = YES;
				IPHONEOS_DEPLOYMENT_TARGET = 10.2;
				MTL_ENABLE_DEBUG_INFO = NO;
				SDKROOT = iphoneos;
				SWIFT_OPTIMIZATION_LEVEL = "-Owholemodule";
				TARGETED_DEVICE_FAMILY = "1,2";
				VALIDATE_PRODUCT = YES;
			};
			name = Release;
		};
		8E0F43131E715C04002D1D7B /* Debug */ = {
			isa = XCBuildConfiguration;
			buildSettings = {
				ASSETCATALOG_COMPILER_APPICON_NAME = AppIcon;
				DEVELOPMENT_TEAM = YFZ7H6KAUF;
				INFOPLIST_FILE = "my-quotes/Info.plist";
				LD_RUNPATH_SEARCH_PATHS = "$(inherited) @executable_path/Frameworks";
				PRODUCT_BUNDLE_IDENTIFIER = "home.my-quotes";
				PRODUCT_NAME = "$(TARGET_NAME)";
				SWIFT_VERSION = 3.0;
			};
			name = Debug;
		};
		8E0F43141E715C04002D1D7B /* Release */ = {
			isa = XCBuildConfiguration;
			buildSettings = {
				ASSETCATALOG_COMPILER_APPICON_NAME = AppIcon;
				DEVELOPMENT_TEAM = YFZ7H6KAUF;
				INFOPLIST_FILE = "my-quotes/Info.plist";
				LD_RUNPATH_SEARCH_PATHS = "$(inherited) @executable_path/Frameworks";
				PRODUCT_BUNDLE_IDENTIFIER = "home.my-quotes";
				PRODUCT_NAME = "$(TARGET_NAME)";
				SWIFT_VERSION = 3.0;
			};
			name = Release;
		};
		8E0F43161E715C04002D1D7B /* Debug */ = {
			isa = XCBuildConfiguration;
			buildSettings = {
				ALWAYS_EMBED_SWIFT_STANDARD_LIBRARIES = YES;
				BUNDLE_LOADER = "$(TEST_HOST)";
				DEVELOPMENT_TEAM = YFZ7H6KAUF;
				INFOPLIST_FILE = "my-quotesTests/Info.plist";
				LD_RUNPATH_SEARCH_PATHS = "$(inherited) @executable_path/Frameworks @loader_path/Frameworks";
				PRODUCT_BUNDLE_IDENTIFIER = "home.my-quotesTests";
				PRODUCT_NAME = "$(TARGET_NAME)";
				SWIFT_VERSION = 3.0;
				TEST_HOST = "$(BUILT_PRODUCTS_DIR)/my-quotes.app/my-quotes";
			};
			name = Debug;
		};
		8E0F43171E715C04002D1D7B /* Release */ = {
			isa = XCBuildConfiguration;
			buildSettings = {
				ALWAYS_EMBED_SWIFT_STANDARD_LIBRARIES = YES;
				BUNDLE_LOADER = "$(TEST_HOST)";
				DEVELOPMENT_TEAM = YFZ7H6KAUF;
				INFOPLIST_FILE = "my-quotesTests/Info.plist";
				LD_RUNPATH_SEARCH_PATHS = "$(inherited) @executable_path/Frameworks @loader_path/Frameworks";
				PRODUCT_BUNDLE_IDENTIFIER = "home.my-quotesTests";
				PRODUCT_NAME = "$(TARGET_NAME)";
				SWIFT_VERSION = 3.0;
				TEST_HOST = "$(BUILT_PRODUCTS_DIR)/my-quotes.app/my-quotes";
			};
			name = Release;
		};
		8E0F43191E715C04002D1D7B /* Debug */ = {
			isa = XCBuildConfiguration;
			buildSettings = {
				ALWAYS_EMBED_SWIFT_STANDARD_LIBRARIES = YES;
				DEVELOPMENT_TEAM = YFZ7H6KAUF;
				INFOPLIST_FILE = "my-quotesUITests/Info.plist";
				LD_RUNPATH_SEARCH_PATHS = "$(inherited) @executable_path/Frameworks @loader_path/Frameworks";
				PRODUCT_BUNDLE_IDENTIFIER = "home.my-quotesUITests";
				PRODUCT_NAME = "$(TARGET_NAME)";
				SWIFT_VERSION = 3.0;
				TEST_TARGET_NAME = "my-quotes";
			};
			name = Debug;
		};
		8E0F431A1E715C04002D1D7B /* Release */ = {
			isa = XCBuildConfiguration;
			buildSettings = {
				ALWAYS_EMBED_SWIFT_STANDARD_LIBRARIES = YES;
				DEVELOPMENT_TEAM = YFZ7H6KAUF;
				INFOPLIST_FILE = "my-quotesUITests/Info.plist";
				LD_RUNPATH_SEARCH_PATHS = "$(inherited) @executable_path/Frameworks @loader_path/Frameworks";
				PRODUCT_BUNDLE_IDENTIFIER = "home.my-quotesUITests";
				PRODUCT_NAME = "$(TARGET_NAME)";
				SWIFT_VERSION = 3.0;
				TEST_TARGET_NAME = "my-quotes";
			};
			name = Release;
		};
/* End XCBuildConfiguration section */

/* Begin XCConfigurationList section */
		8E0F42E51E715C04002D1D7B /* Build configuration list for PBXProject "my-quotes" */ = {
			isa = XCConfigurationList;
			buildConfigurations = (
				8E0F43101E715C04002D1D7B /* Debug */,
				8E0F43111E715C04002D1D7B /* Release */,
			);
			defaultConfigurationIsVisible = 0;
			defaultConfigurationName = Release;
		};
		8E0F43121E715C04002D1D7B /* Build configuration list for PBXNativeTarget "my-quotes" */ = {
			isa = XCConfigurationList;
			buildConfigurations = (
				8E0F43131E715C04002D1D7B /* Debug */,
				8E0F43141E715C04002D1D7B /* Release */,
			);
			defaultConfigurationIsVisible = 0;
		};
		8E0F43151E715C04002D1D7B /* Build configuration list for PBXNativeTarget "my-quotesTests" */ = {
			isa = XCConfigurationList;
			buildConfigurations = (
				8E0F43161E715C04002D1D7B /* Debug */,
				8E0F43171E715C04002D1D7B /* Release */,
			);
			defaultConfigurationIsVisible = 0;
		};
		8E0F43181E715C04002D1D7B /* Build configuration list for PBXNativeTarget "my-quotesUITests" */ = {
			isa = XCConfigurationList;
			buildConfigurations = (
				8E0F43191E715C04002D1D7B /* Debug */,
				8E0F431A1E715C04002D1D7B /* Release */,
			);
			defaultConfigurationIsVisible = 0;
		};
/* End XCConfigurationList section */
	};
	rootObject = 8E0F42E21E715C04002D1D7B /* Project object */;
}
